Microsoft Visual Studio Solution File, Format Version 11.00
# Visual Studio 2010
Project("{8BC9CEB8-8B4A-11D0-8D11-00A0C91BC942}") = "Texture Font Generator", "Texture Font Generator-net2010.vcxproj", "{8B04E112-0CFE-4934-B085-AAD9E95DA5BB}"
EndProject
Global
	GlobalSection(SolutionConfigurationPlatforms) = preSolution
		Debug|Win32 = Debug|Win32
		Release|Win32 = Release|Win32
	EndGlobalSection
	GlobalSection(ProjectConfigurationPlatforms) = postSolution
		{8B04E112-0CFE-4934-B085-AAD9E95DA5BB}.Debug|Win32.ActiveCfg = Debug|Win32
		{8B04E112-0CFE-4934-B085-AAD9E95DA5BB}.Debug|Win32.Build.0 = Debug|Win32
		{8B04E112-0CFE-4934-B085-AAD9E95DA5BB}.Release|Win32.ActiveCfg = Release|Win32
		{8B04E112-0CFE-4934-B085-AAD9E95DA5BB}.Release|Win32.Build.0 = Release|Win32
	EndGlobalSection
	GlobalSection(SolutionProperties) = preSolution
		HideSolutionNode = FALSE
	EndGlobalSection
EndGlobal
