Microsoft Visual Studio Solution File, Format Version 8.00
Project("{8BC9CEB8-8B4A-11D0-8D11-00A0C91BC942}") = "smpackage", "smpackage-net2003.vcproj", "{6B369A92-8DDF-487C-A589-614987544197}"
	ProjectSection(ProjectDependencies) = postProject
	EndProjectSection
EndProject
Project("{8BC9CEB8-8B4A-11D0-8D11-00A0C91BC942}") = "ZipArchive", "smpackage\ZipArchive\ZipArchive-net2003.vcproj", "{F8FE2773-87CB-402F-8DC8-A80837C3E24C}"
	ProjectSection(ProjectDependencies) = postProject
	EndProjectSection
EndProject
Global
	GlobalSection(SolutionConfiguration) = preSolution
		Debug = Debug
		Release = Release
		Static Debug = Static Debug
		Static Release = Static Release
		Unicode Debug = Unicode Debug
		Unicode Release = Unicode Release
		Unicode Static Release = Unicode Static Release
	EndGlobalSection
	GlobalSection(ProjectConfiguration) = postSolution
		{6B369A92-8DDF-487C-A589-614987544197}.Debug.ActiveCfg = Debug|Win32
		{6B369A92-8DDF-487C-A589-614987544197}.Debug.Build.0 = Debug|Win32
		{6B369A92-8DDF-487C-A589-614987544197}.Release.ActiveCfg = Release|Win32
		{6B369A92-8DDF-487C-A589-614987544197}.Release.Build.0 = Release|Win32
		{6B369A92-8DDF-487C-A589-614987544197}.Static Debug.ActiveCfg = Debug|Win32
		{6B369A92-8DDF-487C-A589-614987544197}.Static Debug.Build.0 = Debug|Win32
		{6B369A92-8DDF-487C-A589-614987544197}.Static Release.ActiveCfg = Release|Win32
		{6B369A92-8DDF-487C-A589-614987544197}.Static Release.Build.0 = Release|Win32
		{6B369A92-8DDF-487C-A589-614987544197}.Unicode Debug.ActiveCfg = Debug|Win32
		{6B369A92-8DDF-487C-A589-614987544197}.Unicode Debug.Build.0 = Debug|Win32
		{6B369A92-8DDF-487C-A589-614987544197}.Unicode Release.ActiveCfg = Release|Win32
		{6B369A92-8DDF-487C-A589-614987544197}.Unicode Release.Build.0 = Release|Win32
		{6B369A92-8DDF-487C-A589-614987544197}.Unicode Static Release.ActiveCfg = Release|Win32
		{6B369A92-8DDF-487C-A589-614987544197}.Unicode Static Release.Build.0 = Release|Win32
		{F8FE2773-87CB-402F-8DC8-A80837C3E24C}.Debug.ActiveCfg = Debug|Win32
		{F8FE2773-87CB-402F-8DC8-A80837C3E24C}.Debug.Build.0 = Debug|Win32
		{F8FE2773-87CB-402F-8DC8-A80837C3E24C}.Release.ActiveCfg = Release|Win32
		{F8FE2773-87CB-402F-8DC8-A80837C3E24C}.Release.Build.0 = Release|Win32
		{F8FE2773-87CB-402F-8DC8-A80837C3E24C}.Static Debug.ActiveCfg = Static Debug|Win32
		{F8FE2773-87CB-402F-8DC8-A80837C3E24C}.Static Debug.Build.0 = Static Debug|Win32
		{F8FE2773-87CB-402F-8DC8-A80837C3E24C}.Static Release.ActiveCfg = Static Release|Win32
		{F8FE2773-87CB-402F-8DC8-A80837C3E24C}.Static Release.Build.0 = Static Release|Win32
		{F8FE2773-87CB-402F-8DC8-A80837C3E24C}.Unicode Debug.ActiveCfg = Unicode Debug|Win32
		{F8FE2773-87CB-402F-8DC8-A80837C3E24C}.Unicode Debug.Build.0 = Unicode Debug|Win32
		{F8FE2773-87CB-402F-8DC8-A80837C3E24C}.Unicode Release.ActiveCfg = Unicode Release|Win32
		{F8FE2773-87CB-402F-8DC8-A80837C3E24C}.Unicode Release.Build.0 = Unicode Release|Win32
		{F8FE2773-87CB-402F-8DC8-A80837C3E24C}.Unicode Static Release.ActiveCfg = Unicode Static Release|Win32
		{F8FE2773-87CB-402F-8DC8-A80837C3E24C}.Unicode Static Release.Build.0 = Unicode Static Release|Win32
	EndGlobalSection
	GlobalSection(ExtensibilityGlobals) = postSolution
	EndGlobalSection
	GlobalSection(ExtensibilityAddIns) = postSolution
	EndGlobalSection
EndGlobal
