Microsoft Visual Studio Solution File, Format Version 7.00
Project("{8BC9CEB8-8B4A-11D0-8D11-00A0C91BC942}") = "StepMania", "StepManiaXbox.vcproj", "{670745A6-106B-420D-A2A9-D4F89A23986E}"
EndProject
Global
	GlobalSection(SolutionConfiguration) = preSolution
		ConfigName.0 = Debug Xbox
		ConfigName.1 = Release Xbox
	EndGlobalSection
	GlobalSection(ProjectDependencies) = postSolution
	EndGlobalSection
	GlobalSection(ProjectConfiguration) = postSolution
		{670745A6-106B-420D-A2A9-D4F89A23986E}.Debug Xbox.ActiveCfg = Debug|Xbox
		{670745A6-106B-420D-A2A9-D4F89A23986E}.Debug Xbox.Build.0 = Debug|Xbox
		{670745A6-106B-420D-A2A9-D4F89A23986E}.Release Xbox.ActiveCfg = Release|Xbox
		{670745A6-106B-420D-A2A9-D4F89A23986E}.Release Xbox.Build.0 = Release|Xbox
	EndGlobalSection
	GlobalSection(ExtensibilityGlobals) = postSolution
		DPBuild = 5
	EndGlobalSection
	GlobalSection(ExtensibilityAddIns) = postSolution
	EndGlobalSection
EndGlobal
