Microsoft Visual Studio Solution File, Format Version 7.00
Project("{8BC9CEB8-8B4A-11D0-8D11-00A0C91BC942}") = "StepMania", "StepMania.vcproj", "{670745A6-106B-420D-A2A9-D4F89A23986E}"
EndProject
Project("{8BC9CEB8-8B4A-11D0-8D11-00A0C91BC942}") = "ZipArchive", "smpackage\ZipArchive\ZipArchive.vcproj", "{2AF0D4D5-0984-4AD4-A2BD-402D4BE285CE}"
EndProject
Project("{8BC9CEB8-8B4A-11D0-8D11-00A0C91BC942}") = "smpackage", "smpackage\smpackage.vcproj", "{775C9F19-F852-43AC-8563-D869C027722D}"
EndProject
Project("{8BC9CEB8-8B4A-11D0-8D11-00A0C91BC942}") = "ErrorCatcher", "ErrorCatcher\ErrorCatcher.vcproj", "{88A45E4A-2CEB-404C-88AB-EE07B1844DB0}"
EndProject
Global
	GlobalSection(SolutionConfiguration) = preSolution
		ConfigName.0 = Debug
		ConfigName.1 = Release
	EndGlobalSection
	GlobalSection(ProjectDependencies) = postSolution
		{670745A6-106B-420D-A2A9-D4F89A23986E}.0 = {88A45E4A-2CEB-404C-88AB-EE07B1844DB0}
		{775C9F19-F852-43AC-8563-D869C027722D}.0 = {2AF0D4D5-0984-4AD4-A2BD-402D4BE285CE}
	EndGlobalSection
	GlobalSection(ProjectConfiguration) = postSolution
		{670745A6-106B-420D-A2A9-D4F89A23986E}.Debug.ActiveCfg = Debug|Win32
		{670745A6-106B-420D-A2A9-D4F89A23986E}.Debug.Build.0 = Debug|Win32
		{670745A6-106B-420D-A2A9-D4F89A23986E}.Release.ActiveCfg = Release|Win32
		{670745A6-106B-420D-A2A9-D4F89A23986E}.Release.Build.0 = Release|Win32
		{2AF0D4D5-0984-4AD4-A2BD-402D4BE285CE}.Debug.ActiveCfg = Debug|Win32
		{2AF0D4D5-0984-4AD4-A2BD-402D4BE285CE}.Release.ActiveCfg = Release|Win32
		{775C9F19-F852-43AC-8563-D869C027722D}.Debug.ActiveCfg = Debug|Win32
		{775C9F19-F852-43AC-8563-D869C027722D}.Release.ActiveCfg = Release|Win32
		{88A45E4A-2CEB-404C-88AB-EE07B1844DB0}.Debug.ActiveCfg = Debug|Win32
		{88A45E4A-2CEB-404C-88AB-EE07B1844DB0}.Debug.Build.0 = Debug|Win32
		{88A45E4A-2CEB-404C-88AB-EE07B1844DB0}.Release.ActiveCfg = Release|Win32
		{88A45E4A-2CEB-404C-88AB-EE07B1844DB0}.Release.Build.0 = Release|Win32
	EndGlobalSection
	GlobalSection(ExtensibilityGlobals) = postSolution
	EndGlobalSection
	GlobalSection(ExtensibilityAddIns) = postSolution
	EndGlobalSection
EndGlobal
