Microsoft Visual Studio Solution File, Format Version 7.00
Project("{8BC9CEB8-8B4A-11D0-8D11-00A0C91BC942}") = "StepMania", "StepMania.vcproj", "{670745A6-106B-420D-A2A9-D4F89A23986E}"
EndProject
Global
	GlobalSection(SolutionConfiguration) = preSolution
		ConfigName.0 = Debug D3D
		ConfigName.1 = Debug OGL
		ConfigName.2 = Release D3D
		ConfigName.3 = Release OGL
	EndGlobalSection
	GlobalSection(ProjectDependencies) = postSolution
	EndGlobalSection
	GlobalSection(ProjectConfiguration) = postSolution
		{670745A6-106B-420D-A2A9-D4F89A23986E}.Debug D3D.ActiveCfg = Debug D3D|Win32
		{670745A6-106B-420D-A2A9-D4F89A23986E}.Debug D3D.Build.0 = Debug D3D|Win32
		{670745A6-106B-420D-A2A9-D4F89A23986E}.Debug OGL.ActiveCfg = Debug OGL|Win32
		{670745A6-106B-420D-A2A9-D4F89A23986E}.Debug OGL.Build.0 = Debug OGL|Win32
		{670745A6-106B-420D-A2A9-D4F89A23986E}.Release D3D.ActiveCfg = Release D3D|Win32
		{670745A6-106B-420D-A2A9-D4F89A23986E}.Release D3D.Build.0 = Release D3D|Win32
		{670745A6-106B-420D-A2A9-D4F89A23986E}.Release OGL.ActiveCfg = Release OGL|Win32
		{670745A6-106B-420D-A2A9-D4F89A23986E}.Release OGL.Build.0 = Release OGL|Win32
	EndGlobalSection
	GlobalSection(ExtensibilityGlobals) = postSolution
		DPBuild = 5
	EndGlobalSection
	GlobalSection(ExtensibilityAddIns) = postSolution
	EndGlobalSection
EndGlobal
