Microsoft Visual Studio Solution File, Format Version 8.00
Project("{8BC9CEB8-8B4A-11D0-8D11-00A0C91BC942}") = "StepMania", "StepMania-net2003.vcproj", "{670745A6-106B-420D-A2A9-D4F89A23986E}"
	ProjectSection(ProjectDependencies) = postProject
	EndProjectSection
EndProject
Global
	GlobalSection(SolutionConfiguration) = preSolution
		Debug = Debug
		FastDebug = FastDebug
		Release = Release
	EndGlobalSection
	GlobalSection(ProjectConfiguration) = postSolution
		{670745A6-106B-420D-A2A9-D4F89A23986E}.Debug.ActiveCfg = Debug|Win32
		{670745A6-106B-420D-A2A9-D4F89A23986E}.Debug.Build.0 = Debug|Win32
		{670745A6-106B-420D-A2A9-D4F89A23986E}.FastDebug.ActiveCfg = FastDebug|Win32
		{670745A6-106B-420D-A2A9-D4F89A23986E}.FastDebug.Build.0 = FastDebug|Win32
		{670745A6-106B-420D-A2A9-D4F89A23986E}.Release.ActiveCfg = Release|Win32
		{670745A6-106B-420D-A2A9-D4F89A23986E}.Release.Build.0 = Release|Win32
	EndGlobalSection
	GlobalSection(ExtensibilityGlobals) = postSolution
		DPBuild = 5
	EndGlobalSection
	GlobalSection(ExtensibilityAddIns) = postSolution
	EndGlobalSection
EndGlobal
