// !$*UTF8*$!
{
	archiveVersion = 1;
	classes = {
	};
	objectVersion = 42;
	objects = {

/* Begin PBXBuildFile section */
		8D11072D0486CEB800E47090 /* main.m in Sources */ = {isa = PBXBuildFile; fileRef = 29B97316FDCFA39411CA2CEA /* main.m */; settings = {ATTRIBUTES = (); }; };
		8D11072F0486CEB800E47090 /* Cocoa.framework in Frameworks */ = {isa = PBXBuildFile; fileRef = 1058C7A1FEA54F0111CA2CBB /* Cocoa.framework */; };
		AA2BF5C30A4F6E1B00A21643 /* Localizable.strings in Resources */ = {isa = PBXBuildFile; fileRef = AA2BF5C10A4F6E1B00A21643 /* Localizable.strings */; };
		AAD7D8740A36C53E0073BAC6 /* Identification.txt in Resources */ = {isa = PBXBuildFile; fileRef = AAD7D8730A36C53E0073BAC6 /* Identification.txt */; };
		AAD7D8BF0A36CC020073BAC6 /* smicon.icns in Resources */ = {isa = PBXBuildFile; fileRef = AAD7D8BE0A36CC020073BAC6 /* smicon.icns */; };
		AAF586BC0A27D9300046D33E /* CopyFiles.m in Sources */ = {isa = PBXBuildFile; fileRef = AAF586BB0A27D9300046D33E /* CopyFiles.m */; };
		AAF586BF0A27D9410046D33E /* Upgrader.m in Sources */ = {isa = PBXBuildFile; fileRef = AAF586BE0A27D9410046D33E /* Upgrader.m */; };
		AAF586CC0A27DA7F0046D33E /* MainMenu.nib in Resources */ = {isa = PBXBuildFile; fileRef = AAF586CA0A27DA7F0046D33E /* MainMenu.nib */; };
		AAF586CF0A27DA900046D33E /* InfoPlist.strings in Resources */ = {isa = PBXBuildFile; fileRef = AAF586CD0A27DA900046D33E /* InfoPlist.strings */; };
		AAF587560A2826240046D33E /* Security.framework in Frameworks */ = {isa = PBXBuildFile; fileRef = AAF587550A2826240046D33E /* Security.framework */; };
/* End PBXBuildFile section */

/* Begin PBXFileReference section */
		1058C7A1FEA54F0111CA2CBB /* Cocoa.framework */ = {isa = PBXFileReference; lastKnownFileType = wrapper.framework; name = Cocoa.framework; path = /System/Library/Frameworks/Cocoa.framework; sourceTree = "<absolute>"; };
		13E42FB307B3F0F600E4EEF1 /* CoreData.framework */ = {isa = PBXFileReference; lastKnownFileType = wrapper.framework; name = CoreData.framework; path = /System/Library/Frameworks/CoreData.framework; sourceTree = "<absolute>"; };
		29B97316FDCFA39411CA2CEA /* main.m */ = {isa = PBXFileReference; fileEncoding = 4; lastKnownFileType = sourcecode.c.objc; path = main.m; sourceTree = "<group>"; };
		29B97324FDCFA39411CA2CEA /* AppKit.framework */ = {isa = PBXFileReference; lastKnownFileType = wrapper.framework; name = AppKit.framework; path = /System/Library/Frameworks/AppKit.framework; sourceTree = "<absolute>"; };
		29B97325FDCFA39411CA2CEA /* Foundation.framework */ = {isa = PBXFileReference; lastKnownFileType = wrapper.framework; name = Foundation.framework; path = /System/Library/Frameworks/Foundation.framework; sourceTree = "<absolute>"; };
		32CA4F630368D1EE00C91783 /* Patcher_Prefix.pch */ = {isa = PBXFileReference; fileEncoding = 4; lastKnownFileType = sourcecode.c.h; path = Patcher_Prefix.pch; sourceTree = "<group>"; };
		8D1107310486CEB800E47090 /* Info.plist */ = {isa = PBXFileReference; fileEncoding = 4; lastKnownFileType = text.plist; path = Info.plist; sourceTree = "<group>"; };
		8D1107320486CEB800E47090 /* Patcher.app */ = {isa = PBXFileReference; explicitFileType = wrapper.application; includeInIndex = 0; path = Patcher.app; sourceTree = BUILT_PRODUCTS_DIR; };
		AA2BF5C20A4F6E1B00A21643 /* en */ = {isa = PBXFileReference; fileEncoding = 10; lastKnownFileType = text.plist.strings; name = en; path = en.lproj/Localizable.strings; sourceTree = "<group>"; };
		AAD7D8730A36C53E0073BAC6 /* Identification.txt */ = {isa = PBXFileReference; fileEncoding = 4; lastKnownFileType = text; path = Identification.txt; sourceTree = "<group>"; };
		AAD7D8BE0A36CC020073BAC6 /* smicon.icns */ = {isa = PBXFileReference; lastKnownFileType = image.icns; name = smicon.icns; path = ../smicon.icns; sourceTree = SOURCE_ROOT; };
		AAF586BA0A27D9300046D33E /* CopyFiles.h */ = {isa = PBXFileReference; explicitFileType = sourcecode.c.h; fileEncoding = 30; path = CopyFiles.h; sourceTree = "<group>"; };
		AAF586BB0A27D9300046D33E /* CopyFiles.m */ = {isa = PBXFileReference; fileEncoding = 30; lastKnownFileType = sourcecode.c.objc; path = CopyFiles.m; sourceTree = "<group>"; };
		AAF586BD0A27D9410046D33E /* Upgrader.h */ = {isa = PBXFileReference; fileEncoding = 30; lastKnownFileType = sourcecode.c.h; path = Upgrader.h; sourceTree = "<group>"; };
		AAF586BE0A27D9410046D33E /* Upgrader.m */ = {isa = PBXFileReference; fileEncoding = 30; lastKnownFileType = sourcecode.c.objc; path = Upgrader.m; sourceTree = "<group>"; };
		AAF586CB0A27DA7F0046D33E /* en */ = {isa = PBXFileReference; lastKnownFileType = wrapper.nib; name = en; path = en.lproj/MainMenu.nib; sourceTree = "<group>"; };
		AAF586CE0A27DA900046D33E /* en */ = {isa = PBXFileReference; fileEncoding = 10; lastKnownFileType = text.plist.strings; name = en; path = en.lproj/InfoPlist.strings; sourceTree = "<group>"; };
		AAF587550A2826240046D33E /* Security.framework */ = {isa = PBXFileReference; lastKnownFileType = wrapper.framework; name = Security.framework; path = /System/Library/Frameworks/Security.framework; sourceTree = "<absolute>"; };
/* End PBXFileReference section */

/* Begin PBXFrameworksBuildPhase section */
		8D11072E0486CEB800E47090 /* Frameworks */ = {
			isa = PBXFrameworksBuildPhase;
			buildActionMask = 2147483647;
			files = (
				8D11072F0486CEB800E47090 /* Cocoa.framework in Frameworks */,
				AAF587560A2826240046D33E /* Security.framework in Frameworks */,
			);
			runOnlyForDeploymentPostprocessing = 0;
		};
/* End PBXFrameworksBuildPhase section */

/* Begin PBXGroup section */
		080E96DDFE201D6D7F000001 /* Classes */ = {
			isa = PBXGroup;
			children = (
				AAF586BD0A27D9410046D33E /* Upgrader.h */,
				AAF586BE0A27D9410046D33E /* Upgrader.m */,
			);
			name = Classes;
			sourceTree = "<group>";
		};
		1058C7A0FEA54F0111CA2CBB /* Linked Frameworks */ = {
			isa = PBXGroup;
			children = (
				1058C7A1FEA54F0111CA2CBB /* Cocoa.framework */,
			);
			name = "Linked Frameworks";
			sourceTree = "<group>";
		};
		1058C7A2FEA54F0111CA2CBB /* Other Frameworks */ = {
			isa = PBXGroup;
			children = (
				29B97324FDCFA39411CA2CEA /* AppKit.framework */,
				13E42FB307B3F0F600E4EEF1 /* CoreData.framework */,
				29B97325FDCFA39411CA2CEA /* Foundation.framework */,
			);
			name = "Other Frameworks";
			sourceTree = "<group>";
		};
		19C28FACFE9D520D11CA2CBB /* Products */ = {
			isa = PBXGroup;
			children = (
				8D1107320486CEB800E47090 /* Patcher.app */,
			);
			name = Products;
			sourceTree = "<group>";
		};
		29B97314FDCFA39411CA2CEA /* Patcher */ = {
			isa = PBXGroup;
			children = (
				080E96DDFE201D6D7F000001 /* Classes */,
				29B97315FDCFA39411CA2CEA /* Other Sources */,
				29B97317FDCFA39411CA2CEA /* Resources */,
				29B97323FDCFA39411CA2CEA /* Frameworks */,
				19C28FACFE9D520D11CA2CBB /* Products */,
			);
			name = Patcher;
			sourceTree = "<group>";
		};
		29B97315FDCFA39411CA2CEA /* Other Sources */ = {
			isa = PBXGroup;
			children = (
				AAF586BA0A27D9300046D33E /* CopyFiles.h */,
				AAF586BB0A27D9300046D33E /* CopyFiles.m */,
				32CA4F630368D1EE00C91783 /* Patcher_Prefix.pch */,
				29B97316FDCFA39411CA2CEA /* main.m */,
			);
			name = "Other Sources";
			sourceTree = "<group>";
		};
		29B97317FDCFA39411CA2CEA /* Resources */ = {
			isa = PBXGroup;
			children = (
				AA2BF5C10A4F6E1B00A21643 /* Localizable.strings */,
				AAD7D8BE0A36CC020073BAC6 /* smicon.icns */,
				AAD7D8730A36C53E0073BAC6 /* Identification.txt */,
				8D1107310486CEB800E47090 /* Info.plist */,
				AAF586CD0A27DA900046D33E /* InfoPlist.strings */,
				AAF586CA0A27DA7F0046D33E /* MainMenu.nib */,
			);
			name = Resources;
			sourceTree = "<group>";
		};
		29B97323FDCFA39411CA2CEA /* Frameworks */ = {
			isa = PBXGroup;
			children = (
				AAF587550A2826240046D33E /* Security.framework */,
				1058C7A0FEA54F0111CA2CBB /* Linked Frameworks */,
				1058C7A2FEA54F0111CA2CBB /* Other Frameworks */,
			);
			name = Frameworks;
			sourceTree = "<group>";
		};
/* End PBXGroup section */

/* Begin PBXNativeTarget section */
		8D1107260486CEB800E47090 /* Patcher */ = {
			isa = PBXNativeTarget;
			buildConfigurationList = C01FCF4A08A954540054247B /* Build configuration list for PBXNativeTarget "Patcher" */;
			buildPhases = (
				8D1107290486CEB800E47090 /* Resources */,
				8D11072C0486CEB800E47090 /* Sources */,
				8D11072E0486CEB800E47090 /* Frameworks */,
			);
			buildRules = (
			);
			dependencies = (
			);
			name = Patcher;
			productInstallPath = "$(HOME)/Applications";
			productName = Patcher;
			productReference = 8D1107320486CEB800E47090 /* Patcher.app */;
			productType = "com.apple.product-type.application";
		};
/* End PBXNativeTarget section */

/* Begin PBXProject section */
		29B97313FDCFA39411CA2CEA /* Project object */ = {
			isa = PBXProject;
			buildConfigurationList = C01FCF4E08A954540054247B /* Build configuration list for PBXProject "Patcher" */;
			hasScannedForEncodings = 1;
			knownRegions = (
				English,
				Japanese,
				French,
				German,
				en,
			);
			mainGroup = 29B97314FDCFA39411CA2CEA /* Patcher */;
			projectDirPath = "";
			targets = (
				8D1107260486CEB800E47090 /* Patcher */,
			);
		};
/* End PBXProject section */

/* Begin PBXResourcesBuildPhase section */
		8D1107290486CEB800E47090 /* Resources */ = {
			isa = PBXResourcesBuildPhase;
			buildActionMask = 2147483647;
			files = (
				AAF586CC0A27DA7F0046D33E /* MainMenu.nib in Resources */,
				AAF586CF0A27DA900046D33E /* InfoPlist.strings in Resources */,
				AAD7D8740A36C53E0073BAC6 /* Identification.txt in Resources */,
				AAD7D8BF0A36CC020073BAC6 /* smicon.icns in Resources */,
				AA2BF5C30A4F6E1B00A21643 /* Localizable.strings in Resources */,
			);
			runOnlyForDeploymentPostprocessing = 0;
		};
/* End PBXResourcesBuildPhase section */

/* Begin PBXSourcesBuildPhase section */
		8D11072C0486CEB800E47090 /* Sources */ = {
			isa = PBXSourcesBuildPhase;
			buildActionMask = 2147483647;
			files = (
				8D11072D0486CEB800E47090 /* main.m in Sources */,
				AAF586BC0A27D9300046D33E /* CopyFiles.m in Sources */,
				AAF586BF0A27D9410046D33E /* Upgrader.m in Sources */,
			);
			runOnlyForDeploymentPostprocessing = 0;
		};
/* End PBXSourcesBuildPhase section */

/* Begin PBXVariantGroup section */
		AA2BF5C10A4F6E1B00A21643 /* Localizable.strings */ = {
			isa = PBXVariantGroup;
			children = (
				AA2BF5C20A4F6E1B00A21643 /* en */,
			);
			name = Localizable.strings;
			sourceTree = SOURCE_ROOT;
		};
		AAF586CA0A27DA7F0046D33E /* MainMenu.nib */ = {
			isa = PBXVariantGroup;
			children = (
				AAF586CB0A27DA7F0046D33E /* en */,
			);
			name = MainMenu.nib;
			sourceTree = "<group>";
		};
		AAF586CD0A27DA900046D33E /* InfoPlist.strings */ = {
			isa = PBXVariantGroup;
			children = (
				AAF586CE0A27DA900046D33E /* en */,
			);
			name = InfoPlist.strings;
			sourceTree = "<group>";
		};
/* End PBXVariantGroup section */

/* Begin XCBuildConfiguration section */
		C01FCF4B08A954540054247B /* Debug */ = {
			isa = XCBuildConfiguration;
			buildSettings = {
				COPY_PHASE_STRIP = NO;
				GCC_DYNAMIC_NO_PIC = NO;
				GCC_ENABLE_CPP_EXCEPTIONS = NO;
				GCC_ENABLE_CPP_RTTI = NO;
				GCC_ENABLE_FIX_AND_CONTINUE = NO;
				GCC_MODEL_TUNING = G4;
				GCC_OPTIMIZATION_LEVEL = 0;
				GCC_PRECOMPILE_PREFIX_HEADER = YES;
				INFOPLIST_FILE = Info.plist;
				INSTALL_PATH = "$(HOME)/Applications";
				PRODUCT_NAME = Patcher;
				WRAPPER_EXTENSION = app;
			};
			name = Debug;
		};
		C01FCF4C08A954540054247B /* Release */ = {
			isa = XCBuildConfiguration;
			buildSettings = {
				ARCHS = (
					ppc,
					i386,
				);
				GCC_DYNAMIC_NO_PIC = NO;
				GCC_ENABLE_CPP_EXCEPTIONS = NO;
				GCC_ENABLE_CPP_RTTI = NO;
				GCC_ENABLE_FIX_AND_CONTINUE = NO;
				GCC_GENERATE_DEBUGGING_SYMBOLS = NO;
				GCC_MODEL_TUNING = G4;
				GCC_PRECOMPILE_PREFIX_HEADER = YES;
				INFOPLIST_FILE = Info.plist;
				INSTALL_PATH = "$(HOME)/Applications";
				PRODUCT_NAME = Patcher;
				WRAPPER_EXTENSION = app;
			};
			name = Release;
		};
		C01FCF4F08A954540054247B /* Debug */ = {
			isa = XCBuildConfiguration;
			buildSettings = {
				CONFIGURATION_BUILD_DIR = "$(BUILD_DIR)/..";
				GCC_VERSION = 3.3;
				GCC_VERSION_i386 = 4.0;
				GCC_VERSION_ppc = 3.3;
				GCC_WARN_ABOUT_RETURN_TYPE = YES;
				GCC_WARN_UNUSED_VARIABLE = YES;
				MACOSX_DEPLOYMENT_TARGET_i386 = 10.4;
				MACOSX_DEPLOYMENT_TARGET_ppc = 10.2;
				PREBINDING = NO;
				SDKROOT = /Developer/SDKs/MacOSX10.2.8.sdk;
				SDKROOT_i386 = /Developer/SDKs/MacOSX10.4u.sdk;
				SDKROOT_ppc = /Developer/SDKs/MacOSX10.2.8.sdk;
				ZERO_LINK = NO;
			};
			name = Debug;
		};
		C01FCF5008A954540054247B /* Release */ = {
			isa = XCBuildConfiguration;
			buildSettings = {
				CONFIGURATION_BUILD_DIR = "$(BUILD_DIR)/..";
				GCC_VERSION = 3.3;
				GCC_VERSION_i386 = 4.0;
				GCC_VERSION_ppc = 3.3;
				GCC_WARN_ABOUT_RETURN_TYPE = YES;
				GCC_WARN_UNUSED_VARIABLE = YES;
				MACOSX_DEPLOYMENT_TARGET_i386 = 10.4;
				MACOSX_DEPLOYMENT_TARGET_ppc = 10.2;
				PREBINDING = NO;
				SDKROOT = /Developer/SDKs/MacOSX10.2.8.sdk;
				SDKROOT_i386 = /Developer/SDKs/MacOSX10.4u.sdk;
				SDKROOT_ppc = /Developer/SDKs/MacOSX10.2.8.sdk;
				ZERO_LINK = NO;
			};
			name = Release;
		};
/* End XCBuildConfiguration section */

/* Begin XCConfigurationList section */
		C01FCF4A08A954540054247B /* Build configuration list for PBXNativeTarget "Patcher" */ = {
			isa = XCConfigurationList;
			buildConfigurations = (
				C01FCF4B08A954540054247B /* Debug */,
				C01FCF4C08A954540054247B /* Release */,
			);
			defaultConfigurationIsVisible = 0;
			defaultConfigurationName = Release;
		};
		C01FCF4E08A954540054247B /* Build configuration list for PBXProject "Patcher" */ = {
			isa = XCConfigurationList;
			buildConfigurations = (
				C01FCF4F08A954540054247B /* Debug */,
				C01FCF5008A954540054247B /* Release */,
			);
			defaultConfigurationIsVisible = 0;
			defaultConfigurationName = Release;
		};
/* End XCConfigurationList section */
	};
	rootObject = 29B97313FDCFA39411CA2CEA /* Project object */;
}
