
Microsoft Visual Studio Solution File, Format Version 10.00
# Visual Studio 2008
Project("{8BC9CEB8-8B4A-11D0-8D11-00A0C91BC942}") = "libtomcrypt", "libtomcrypt_VS2008.vcproj", "{E3802982-DCB6-4D85-A2BD-6B08F0657E79}"
EndProject
Global
	GlobalSection(SolutionConfigurationPlatforms) = preSolution
		Debug|Win32 = Debug|Win32
		Debug|x64 = Debug|x64
		Release|Win32 = Release|Win32
		Release|x64 = Release|x64
	EndGlobalSection
	GlobalSection(ProjectConfigurationPlatforms) = postSolution
		{E3802982-DCB6-4D85-A2BD-6B08F0657E79}.Debug|Win32.ActiveCfg = Debug|Win32
		{E3802982-DCB6-4D85-A2BD-6B08F0657E79}.Debug|Win32.Build.0 = Debug|Win32
		{E3802982-DCB6-4D85-A2BD-6B08F0657E79}.Debug|x64.ActiveCfg = Debug|x64
		{E3802982-DCB6-4D85-A2BD-6B08F0657E79}.Debug|x64.Build.0 = Debug|x64
		{E3802982-DCB6-4D85-A2BD-6B08F0657E79}.Release|Win32.ActiveCfg = Release|Win32
		{E3802982-DCB6-4D85-A2BD-6B08F0657E79}.Release|Win32.Build.0 = Release|Win32
		{E3802982-DCB6-4D85-A2BD-6B08F0657E79}.Release|x64.ActiveCfg = Release|x64
		{E3802982-DCB6-4D85-A2BD-6B08F0657E79}.Release|x64.Build.0 = Release|x64
	EndGlobalSection
	GlobalSection(SolutionProperties) = preSolution
		HideSolutionNode = FALSE
	EndGlobalSection
EndGlobal
