Microsoft Visual Studio Solution File, Format Version 7.00
Project("{8BC9CEB8-8B4A-11D0-8D11-00A0C91BC942}") = "fnt", "src\fnt\fnt.vcproj", "{3ADE9BBC-8DA8-4832-A2C6-C1FBE81B7A2A}"
EndProject
Project("{8BC9CEB8-8B4A-11D0-8D11-00A0C91BC942}") = "js", "src\js\js.vcproj", "{A3BA5F21-EEA9-4C91-8A49-D5E57B9B1435}"
EndProject
Project("{8BC9CEB8-8B4A-11D0-8D11-00A0C91BC942}") = "net", "src\net\net.vcproj", "{746EE86D-AA6E-4F20-A94D-46C04D16DA97}"
EndProject
Project("{8BC9CEB8-8B4A-11D0-8D11-00A0C91BC942}") = "plib", "plib.vcproj", "{7D4C2E18-484B-4799-849E-9122C4F09687}"
EndProject
Project("{8BC9CEB8-8B4A-11D0-8D11-00A0C91BC942}") = "pui", "src\pui\pui.vcproj", "{8BC30CD6-8998-4854-A92E-D7BC5F825639}"
EndProject
Project("{8BC9CEB8-8B4A-11D0-8D11-00A0C91BC942}") = "sg", "src\sg\sg.vcproj", "{35DD3F5C-B773-49BF-AB3E-17C44DE5ADF4}"
EndProject
Project("{8BC9CEB8-8B4A-11D0-8D11-00A0C91BC942}") = "sl", "src\sl\sl.vcproj", "{38C361A1-0E06-4C11-ABE1-721CCD9EDF9B}"
EndProject
Project("{8BC9CEB8-8B4A-11D0-8D11-00A0C91BC942}") = "ssg", "src\ssg\ssg.vcproj", "{A4FAD4A1-515C-4516-89F5-4CDBE0D689D9}"
EndProject
Project("{8BC9CEB8-8B4A-11D0-8D11-00A0C91BC942}") = "ssgAux", "src\ssgAux\ssgAux.vcproj", "{112FD701-405D-4DF2-933A-9811EEE4B1E2}"
EndProject
Project("{8BC9CEB8-8B4A-11D0-8D11-00A0C91BC942}") = "ul", "src\util\ul.vcproj", "{9D54C066-94F5-4108-8CAD-C4FD3648974C}"
EndProject
Global
	GlobalSection(SolutionConfiguration) = preSolution
		ConfigName.0 = Debug
		ConfigName.1 = Release
	EndGlobalSection
	GlobalSection(ProjectDependencies) = postSolution
		{7D4C2E18-484B-4799-849E-9122C4F09687}.0 = {746EE86D-AA6E-4F20-A94D-46C04D16DA97}
		{7D4C2E18-484B-4799-849E-9122C4F09687}.1 = {112FD701-405D-4DF2-933A-9811EEE4B1E2}
		{7D4C2E18-484B-4799-849E-9122C4F09687}.2 = {9D54C066-94F5-4108-8CAD-C4FD3648974C}
		{7D4C2E18-484B-4799-849E-9122C4F09687}.3 = {8BC30CD6-8998-4854-A92E-D7BC5F825639}
		{7D4C2E18-484B-4799-849E-9122C4F09687}.4 = {A4FAD4A1-515C-4516-89F5-4CDBE0D689D9}
		{7D4C2E18-484B-4799-849E-9122C4F09687}.5 = {38C361A1-0E06-4C11-ABE1-721CCD9EDF9B}
		{7D4C2E18-484B-4799-849E-9122C4F09687}.6 = {35DD3F5C-B773-49BF-AB3E-17C44DE5ADF4}
		{7D4C2E18-484B-4799-849E-9122C4F09687}.7 = {A3BA5F21-EEA9-4C91-8A49-D5E57B9B1435}
		{7D4C2E18-484B-4799-849E-9122C4F09687}.8 = {3ADE9BBC-8DA8-4832-A2C6-C1FBE81B7A2A}
		{8BC30CD6-8998-4854-A92E-D7BC5F825639}.0 = {35DD3F5C-B773-49BF-AB3E-17C44DE5ADF4}
	EndGlobalSection
	GlobalSection(ProjectConfiguration) = postSolution
		{3ADE9BBC-8DA8-4832-A2C6-C1FBE81B7A2A}.Debug.ActiveCfg = Debug|Win32
		{3ADE9BBC-8DA8-4832-A2C6-C1FBE81B7A2A}.Release.ActiveCfg = Release|Win32
		{A3BA5F21-EEA9-4C91-8A49-D5E57B9B1435}.Debug.ActiveCfg = Debug|Win32
		{A3BA5F21-EEA9-4C91-8A49-D5E57B9B1435}.Release.ActiveCfg = Release|Win32
		{746EE86D-AA6E-4F20-A94D-46C04D16DA97}.Debug.ActiveCfg = Debug|Win32
		{746EE86D-AA6E-4F20-A94D-46C04D16DA97}.Release.ActiveCfg = Release|Win32
		{7D4C2E18-484B-4799-849E-9122C4F09687}.Debug.ActiveCfg = Debug|Win32
		{7D4C2E18-484B-4799-849E-9122C4F09687}.Release.ActiveCfg = Release|Win32
		{7D4C2E18-484B-4799-849E-9122C4F09687}.Release.Build.0 = Release|Win32
		{8BC30CD6-8998-4854-A92E-D7BC5F825639}.Debug.ActiveCfg = Debug|Win32
		{8BC30CD6-8998-4854-A92E-D7BC5F825639}.Release.ActiveCfg = Release|Win32
		{35DD3F5C-B773-49BF-AB3E-17C44DE5ADF4}.Debug.ActiveCfg = Debug|Win32
		{35DD3F5C-B773-49BF-AB3E-17C44DE5ADF4}.Debug.Build.0 = Debug|Win32
		{35DD3F5C-B773-49BF-AB3E-17C44DE5ADF4}.Release.ActiveCfg = Release|Win32
		{35DD3F5C-B773-49BF-AB3E-17C44DE5ADF4}.Release.Build.0 = Release|Win32
		{38C361A1-0E06-4C11-ABE1-721CCD9EDF9B}.Debug.ActiveCfg = Debug|Win32
		{38C361A1-0E06-4C11-ABE1-721CCD9EDF9B}.Release.ActiveCfg = Release|Win32
		{A4FAD4A1-515C-4516-89F5-4CDBE0D689D9}.Debug.ActiveCfg = Debug|Win32
		{A4FAD4A1-515C-4516-89F5-4CDBE0D689D9}.Release.ActiveCfg = Release|Win32
		{112FD701-405D-4DF2-933A-9811EEE4B1E2}.Debug.ActiveCfg = Debug|Win32
		{112FD701-405D-4DF2-933A-9811EEE4B1E2}.Release.ActiveCfg = Release|Win32
		{9D54C066-94F5-4108-8CAD-C4FD3648974C}.Debug.ActiveCfg = Debug|Win32
		{9D54C066-94F5-4108-8CAD-C4FD3648974C}.Debug.Build.0 = Debug|Win32
		{9D54C066-94F5-4108-8CAD-C4FD3648974C}.Release.ActiveCfg = Release|Win32
		{9D54C066-94F5-4108-8CAD-C4FD3648974C}.Release.Build.0 = Release|Win32
	EndGlobalSection
	GlobalSection(ExtensibilityGlobals) = postSolution
	EndGlobalSection
	GlobalSection(ExtensibilityAddIns) = postSolution
	EndGlobalSection
EndGlobal
