Microsoft Visual Studio Solution File, Format Version 7.00
Project("{8BC9CEB8-8B4A-11D0-8D11-00A0C91BC942}") = "fnt", "src\fnt\fnt.vcproj", "{C38984FE-606C-4AB7-A085-0B4B67380DB2}"
EndProject
Project("{8BC9CEB8-8B4A-11D0-8D11-00A0C91BC942}") = "js", "src\js\js.vcproj", "{BF3C0B09-CA52-4474-971A-789C28D58B62}"
EndProject
Project("{8BC9CEB8-8B4A-11D0-8D11-00A0C91BC942}") = "net", "src\net\net.vcproj", "{B5945775-CD67-47BD-9B76-BC23FF7F82C9}"
EndProject
Project("{8BC9CEB8-8B4A-11D0-8D11-00A0C91BC942}") = "plib", "plib.vcproj", "{DF80EB7B-C8DC-4FE4-8AA9-9127D94C5FC8}"
EndProject
Project("{8BC9CEB8-8B4A-11D0-8D11-00A0C91BC942}") = "pui", "src\pui\pui.vcproj", "{9BB9135A-A912-4F97-9BEC-D176525A96D7}"
EndProject
Project("{8BC9CEB8-8B4A-11D0-8D11-00A0C91BC942}") = "sg", "src\sg\sg.vcproj", "{78153ECD-1959-4F37-AECC-942ECB2BDF6C}"
EndProject
Project("{8BC9CEB8-8B4A-11D0-8D11-00A0C91BC942}") = "sl", "src\sl\sl.vcproj", "{FD40B4F6-A143-4088-BCC0-31747992C2C9}"
EndProject
Project("{8BC9CEB8-8B4A-11D0-8D11-00A0C91BC942}") = "ssg", "src\ssg\ssg.vcproj", "{70AE43E6-807B-4E59-893B-61EAE79F99BD}"
EndProject
Project("{8BC9CEB8-8B4A-11D0-8D11-00A0C91BC942}") = "ssgAux", "src\ssgAux\ssgAux.vcproj", "{EEA08291-2AE0-49FA-853D-073961AFC7BA}"
EndProject
Project("{8BC9CEB8-8B4A-11D0-8D11-00A0C91BC942}") = "ul", "src\util\ul.vcproj", "{35562F7E-DEB3-414C-B994-9967BFFE2D90}"
EndProject
Global
	GlobalSection(SolutionConfiguration) = preSolution
		ConfigName.0 = Debug
		ConfigName.1 = Release
	EndGlobalSection
	GlobalSection(ProjectDependencies) = postSolution
		{DF80EB7B-C8DC-4FE4-8AA9-9127D94C5FC8}.0 = {B5945775-CD67-47BD-9B76-BC23FF7F82C9}
		{DF80EB7B-C8DC-4FE4-8AA9-9127D94C5FC8}.1 = {EEA08291-2AE0-49FA-853D-073961AFC7BA}
		{DF80EB7B-C8DC-4FE4-8AA9-9127D94C5FC8}.2 = {35562F7E-DEB3-414C-B994-9967BFFE2D90}
		{DF80EB7B-C8DC-4FE4-8AA9-9127D94C5FC8}.3 = {9BB9135A-A912-4F97-9BEC-D176525A96D7}
		{DF80EB7B-C8DC-4FE4-8AA9-9127D94C5FC8}.4 = {70AE43E6-807B-4E59-893B-61EAE79F99BD}
		{DF80EB7B-C8DC-4FE4-8AA9-9127D94C5FC8}.5 = {FD40B4F6-A143-4088-BCC0-31747992C2C9}
		{DF80EB7B-C8DC-4FE4-8AA9-9127D94C5FC8}.6 = {78153ECD-1959-4F37-AECC-942ECB2BDF6C}
		{DF80EB7B-C8DC-4FE4-8AA9-9127D94C5FC8}.7 = {BF3C0B09-CA52-4474-971A-789C28D58B62}
		{DF80EB7B-C8DC-4FE4-8AA9-9127D94C5FC8}.8 = {C38984FE-606C-4AB7-A085-0B4B67380DB2}
		{9BB9135A-A912-4F97-9BEC-D176525A96D7}.0 = {78153ECD-1959-4F37-AECC-942ECB2BDF6C}
	EndGlobalSection
	GlobalSection(ProjectConfiguration) = postSolution
		{C38984FE-606C-4AB7-A085-0B4B67380DB2}.Debug.ActiveCfg = Debug|Win32
		{C38984FE-606C-4AB7-A085-0B4B67380DB2}.Debug.Build.0 = Debug|Win32
		{C38984FE-606C-4AB7-A085-0B4B67380DB2}.Release.ActiveCfg = Release|Win32
		{C38984FE-606C-4AB7-A085-0B4B67380DB2}.Release.Build.0 = Release|Win32
		{BF3C0B09-CA52-4474-971A-789C28D58B62}.Debug.ActiveCfg = Debug|Win32
		{BF3C0B09-CA52-4474-971A-789C28D58B62}.Debug.Build.0 = Debug|Win32
		{BF3C0B09-CA52-4474-971A-789C28D58B62}.Release.ActiveCfg = Release|Win32
		{BF3C0B09-CA52-4474-971A-789C28D58B62}.Release.Build.0 = Release|Win32
		{B5945775-CD67-47BD-9B76-BC23FF7F82C9}.Debug.ActiveCfg = Debug|Win32
		{B5945775-CD67-47BD-9B76-BC23FF7F82C9}.Debug.Build.0 = Debug|Win32
		{B5945775-CD67-47BD-9B76-BC23FF7F82C9}.Release.ActiveCfg = Release|Win32
		{B5945775-CD67-47BD-9B76-BC23FF7F82C9}.Release.Build.0 = Release|Win32
		{DF80EB7B-C8DC-4FE4-8AA9-9127D94C5FC8}.Debug.ActiveCfg = Debug|Win32
		{DF80EB7B-C8DC-4FE4-8AA9-9127D94C5FC8}.Debug.Build.0 = Debug|Win32
		{DF80EB7B-C8DC-4FE4-8AA9-9127D94C5FC8}.Release.ActiveCfg = Release|Win32
		{DF80EB7B-C8DC-4FE4-8AA9-9127D94C5FC8}.Release.Build.0 = Release|Win32
		{9BB9135A-A912-4F97-9BEC-D176525A96D7}.Debug.ActiveCfg = Debug|Win32
		{9BB9135A-A912-4F97-9BEC-D176525A96D7}.Debug.Build.0 = Debug|Win32
		{9BB9135A-A912-4F97-9BEC-D176525A96D7}.Release.ActiveCfg = Release|Win32
		{9BB9135A-A912-4F97-9BEC-D176525A96D7}.Release.Build.0 = Release|Win32
		{78153ECD-1959-4F37-AECC-942ECB2BDF6C}.Debug.ActiveCfg = Debug|Win32
		{78153ECD-1959-4F37-AECC-942ECB2BDF6C}.Debug.Build.0 = Debug|Win32
		{78153ECD-1959-4F37-AECC-942ECB2BDF6C}.Release.ActiveCfg = Release|Win32
		{78153ECD-1959-4F37-AECC-942ECB2BDF6C}.Release.Build.0 = Release|Win32
		{FD40B4F6-A143-4088-BCC0-31747992C2C9}.Debug.ActiveCfg = Debug|Win32
		{FD40B4F6-A143-4088-BCC0-31747992C2C9}.Debug.Build.0 = Debug|Win32
		{FD40B4F6-A143-4088-BCC0-31747992C2C9}.Release.ActiveCfg = Release|Win32
		{FD40B4F6-A143-4088-BCC0-31747992C2C9}.Release.Build.0 = Release|Win32
		{70AE43E6-807B-4E59-893B-61EAE79F99BD}.Debug.ActiveCfg = Debug|Win32
		{70AE43E6-807B-4E59-893B-61EAE79F99BD}.Debug.Build.0 = Debug|Win32
		{70AE43E6-807B-4E59-893B-61EAE79F99BD}.Release.ActiveCfg = Release|Win32
		{70AE43E6-807B-4E59-893B-61EAE79F99BD}.Release.Build.0 = Release|Win32
		{EEA08291-2AE0-49FA-853D-073961AFC7BA}.Debug.ActiveCfg = Debug|Win32
		{EEA08291-2AE0-49FA-853D-073961AFC7BA}.Debug.Build.0 = Debug|Win32
		{EEA08291-2AE0-49FA-853D-073961AFC7BA}.Release.ActiveCfg = Release|Win32
		{EEA08291-2AE0-49FA-853D-073961AFC7BA}.Release.Build.0 = Release|Win32
		{35562F7E-DEB3-414C-B994-9967BFFE2D90}.Debug.ActiveCfg = Debug|Win32
		{35562F7E-DEB3-414C-B994-9967BFFE2D90}.Debug.Build.0 = Debug|Win32
		{35562F7E-DEB3-414C-B994-9967BFFE2D90}.Release.ActiveCfg = Release|Win32
		{35562F7E-DEB3-414C-B994-9967BFFE2D90}.Release.Build.0 = Release|Win32
	EndGlobalSection
	GlobalSection(ExtensibilityGlobals) = postSolution
	EndGlobalSection
	GlobalSection(ExtensibilityAddIns) = postSolution
	EndGlobalSection
EndGlobal
