Microsoft Visual Studio Solution File, Format Version 7.00
Project("{8BC9CEB8-8B4A-11D0-8D11-00A0C91BC942}") = "cryptest", "cryptest.vcproj", "{B6CFD0ED-B65A-44A4-A7BD-46EE8BE7DB47}"
EndProject
Project("{8BC9CEB8-8B4A-11D0-8D11-00A0C91BC942}") = "cryptlib", "cryptlib.vcproj", "{AA4AF193-3493-45AD-8D1E-39635106624F}"
EndProject
Global
	GlobalSection(SolutionConfiguration) = preSolution
		ConfigName.0 = Debug
		ConfigName.1 = FIPS 140 Debug
		ConfigName.2 = FIPS 140 Release
		ConfigName.3 = Release
	EndGlobalSection
	GlobalSection(ProjectDependencies) = postSolution
		{B6CFD0ED-B65A-44A4-A7BD-46EE8BE7DB47}.0 = {AA4AF193-3493-45AD-8D1E-39635106624F}
	EndGlobalSection
	GlobalSection(ProjectConfiguration) = postSolution
		{B6CFD0ED-B65A-44A4-A7BD-46EE8BE7DB47}.Debug.ActiveCfg = Debug|Win32
		{B6CFD0ED-B65A-44A4-A7BD-46EE8BE7DB47}.Debug.Build.0 = Debug|Win32
		{B6CFD0ED-B65A-44A4-A7BD-46EE8BE7DB47}.FIPS 140 Debug.ActiveCfg = FIPS 140 Debug|Win32
		{B6CFD0ED-B65A-44A4-A7BD-46EE8BE7DB47}.FIPS 140 Debug.Build.0 = FIPS 140 Debug|Win32
		{B6CFD0ED-B65A-44A4-A7BD-46EE8BE7DB47}.FIPS 140 Release.ActiveCfg = FIPS 140 Release|Win32
		{B6CFD0ED-B65A-44A4-A7BD-46EE8BE7DB47}.FIPS 140 Release.Build.0 = FIPS 140 Release|Win32
		{B6CFD0ED-B65A-44A4-A7BD-46EE8BE7DB47}.Release.ActiveCfg = Release|Win32
		{B6CFD0ED-B65A-44A4-A7BD-46EE8BE7DB47}.Release.Build.0 = Release|Win32
		{AA4AF193-3493-45AD-8D1E-39635106624F}.Debug.ActiveCfg = Debug|Win32
		{AA4AF193-3493-45AD-8D1E-39635106624F}.Debug.Build.0 = Debug|Win32
		{AA4AF193-3493-45AD-8D1E-39635106624F}.FIPS 140 Debug.ActiveCfg = FIPS 140 Debug|Win32
		{AA4AF193-3493-45AD-8D1E-39635106624F}.FIPS 140 Debug.Build.0 = FIPS 140 Debug|Win32
		{AA4AF193-3493-45AD-8D1E-39635106624F}.FIPS 140 Release.ActiveCfg = FIPS 140 Release|Win32
		{AA4AF193-3493-45AD-8D1E-39635106624F}.FIPS 140 Release.Build.0 = FIPS 140 Release|Win32
		{AA4AF193-3493-45AD-8D1E-39635106624F}.Release.ActiveCfg = Release|Win32
		{AA4AF193-3493-45AD-8D1E-39635106624F}.Release.Build.0 = Release|Win32
	EndGlobalSection
	GlobalSection(ExtensibilityGlobals) = postSolution
	EndGlobalSection
	GlobalSection(ExtensibilityAddIns) = postSolution
	EndGlobalSection
EndGlobal
