
Microsoft Visual Studio Solution File, Format Version 12.00
# Visual Studio 2012
Project("{8BC9CEB8-8B4A-11D0-8D11-00A0C91BC942}") = "StepMania", "StepMania-net2011.vcxproj", "{AF209DBD-24BD-4356-8DFE-41751B221195}"
EndProject
Project("{8BC9CEB8-8B4A-11D0-8D11-00A0C91BC942}") = "libtommath", "libtommath\libtommath-net2011.vcxproj", "{FEDE5283-1518-4B1D-8124-5C54DB17EA57}"
EndProject
Project("{8BC9CEB8-8B4A-11D0-8D11-00A0C91BC942}") = "libtomcrypt", "libtomcrypt\libtomcrypt-net2011.vcxproj", "{F70DD0FE-A74A-42E7-B81F-E35C49FC9EB9}"
EndProject
Project("{8BC9CEB8-8B4A-11D0-8D11-00A0C91BC942}") = "libpcre", "..\extern\pcre\libpcre-net2011.vcxproj", "{91920268-4395-419F-8CE5-DA7E11A5C1FD}"
EndProject
Project("{8BC9CEB8-8B4A-11D0-8D11-00A0C91BC942}") = "libpng", "..\extern\libpng\libpng-net2011.vcxproj", "{046C857A-41C5-4E87-AD44-462AB17BBF4F}"
EndProject
Project("{8BC9CEB8-8B4A-11D0-8D11-00A0C91BC942}") = "libglew", "..\extern\glew-1.5.8\libglew-net2011.vcxproj", "{9522F2E6-FFEB-4620-9EE2-79353A55671B}"
EndProject
Project("{8BC9CEB8-8B4A-11D0-8D11-00A0C91BC942}") = "liblua", "..\extern\lua-5.1\liblua-net2011.vcxproj", "{0555A743-D202-409C-A331-349FEE971025}"
EndProject
Project("{8BC9CEB8-8B4A-11D0-8D11-00A0C91BC942}") = "libjson", "..\extern\jsoncpp\libjson-net2011.vcxproj", "{0DCAA088-FC09-4422-892B-8E89F1F798CB}"
EndProject
Global
	GlobalSection(SolutionConfigurationPlatforms) = preSolution
		Debug|Win32 = Debug|Win32
		FastDebug|Win32 = FastDebug|Win32
		Release|Win32 = Release|Win32
		Release-SSE2|Win32 = Release-SSE2|Win32
	EndGlobalSection
	GlobalSection(ProjectConfigurationPlatforms) = postSolution
		{AF209DBD-24BD-4356-8DFE-41751B221195}.Debug|Win32.ActiveCfg = Debug|Win32
		{AF209DBD-24BD-4356-8DFE-41751B221195}.Debug|Win32.Build.0 = Debug|Win32
		{AF209DBD-24BD-4356-8DFE-41751B221195}.FastDebug|Win32.ActiveCfg = FastDebug|Win32
		{AF209DBD-24BD-4356-8DFE-41751B221195}.FastDebug|Win32.Build.0 = FastDebug|Win32
		{AF209DBD-24BD-4356-8DFE-41751B221195}.Release|Win32.ActiveCfg = Release|Win32
		{AF209DBD-24BD-4356-8DFE-41751B221195}.Release|Win32.Build.0 = Release|Win32
		{AF209DBD-24BD-4356-8DFE-41751B221195}.Release-SSE2|Win32.ActiveCfg = Release-SSE2|Win32
		{AF209DBD-24BD-4356-8DFE-41751B221195}.Release-SSE2|Win32.Build.0 = Release-SSE2|Win32
		{FEDE5283-1518-4B1D-8124-5C54DB17EA57}.Debug|Win32.ActiveCfg = Debug|Win32
		{FEDE5283-1518-4B1D-8124-5C54DB17EA57}.Debug|Win32.Build.0 = Debug|Win32
		{FEDE5283-1518-4B1D-8124-5C54DB17EA57}.FastDebug|Win32.ActiveCfg = Debug|Win32
		{FEDE5283-1518-4B1D-8124-5C54DB17EA57}.FastDebug|Win32.Build.0 = Debug|Win32
		{FEDE5283-1518-4B1D-8124-5C54DB17EA57}.Release|Win32.ActiveCfg = Release|Win32
		{FEDE5283-1518-4B1D-8124-5C54DB17EA57}.Release|Win32.Build.0 = Release|Win32
		{FEDE5283-1518-4B1D-8124-5C54DB17EA57}.Release-SSE2|Win32.ActiveCfg = Release-SSE2|Win32
		{FEDE5283-1518-4B1D-8124-5C54DB17EA57}.Release-SSE2|Win32.Build.0 = Release-SSE2|Win32
		{F70DD0FE-A74A-42E7-B81F-E35C49FC9EB9}.Debug|Win32.ActiveCfg = Debug|Win32
		{F70DD0FE-A74A-42E7-B81F-E35C49FC9EB9}.Debug|Win32.Build.0 = Debug|Win32
		{F70DD0FE-A74A-42E7-B81F-E35C49FC9EB9}.FastDebug|Win32.ActiveCfg = Debug|Win32
		{F70DD0FE-A74A-42E7-B81F-E35C49FC9EB9}.FastDebug|Win32.Build.0 = Debug|Win32
		{F70DD0FE-A74A-42E7-B81F-E35C49FC9EB9}.Release|Win32.ActiveCfg = Release|Win32
		{F70DD0FE-A74A-42E7-B81F-E35C49FC9EB9}.Release|Win32.Build.0 = Release|Win32
		{F70DD0FE-A74A-42E7-B81F-E35C49FC9EB9}.Release-SSE2|Win32.ActiveCfg = Release-SSE2|Win32
		{F70DD0FE-A74A-42E7-B81F-E35C49FC9EB9}.Release-SSE2|Win32.Build.0 = Release-SSE2|Win32
		{91920268-4395-419F-8CE5-DA7E11A5C1FD}.Debug|Win32.ActiveCfg = Debug|Win32
		{91920268-4395-419F-8CE5-DA7E11A5C1FD}.Debug|Win32.Build.0 = Debug|Win32
		{91920268-4395-419F-8CE5-DA7E11A5C1FD}.FastDebug|Win32.ActiveCfg = Debug|Win32
		{91920268-4395-419F-8CE5-DA7E11A5C1FD}.FastDebug|Win32.Build.0 = Debug|Win32
		{91920268-4395-419F-8CE5-DA7E11A5C1FD}.Release|Win32.ActiveCfg = Release|Win32
		{91920268-4395-419F-8CE5-DA7E11A5C1FD}.Release|Win32.Build.0 = Release|Win32
		{91920268-4395-419F-8CE5-DA7E11A5C1FD}.Release-SSE2|Win32.ActiveCfg = Release|Win32
		{91920268-4395-419F-8CE5-DA7E11A5C1FD}.Release-SSE2|Win32.Build.0 = Release|Win32
		{046C857A-41C5-4E87-AD44-462AB17BBF4F}.Debug|Win32.ActiveCfg = Debug|Win32
		{046C857A-41C5-4E87-AD44-462AB17BBF4F}.Debug|Win32.Build.0 = Debug|Win32
		{046C857A-41C5-4E87-AD44-462AB17BBF4F}.FastDebug|Win32.ActiveCfg = Debug|Win32
		{046C857A-41C5-4E87-AD44-462AB17BBF4F}.FastDebug|Win32.Build.0 = Debug|Win32
		{046C857A-41C5-4E87-AD44-462AB17BBF4F}.Release|Win32.ActiveCfg = Release|Win32
		{046C857A-41C5-4E87-AD44-462AB17BBF4F}.Release|Win32.Build.0 = Release|Win32
		{046C857A-41C5-4E87-AD44-462AB17BBF4F}.Release-SSE2|Win32.ActiveCfg = Release|Win32
		{046C857A-41C5-4E87-AD44-462AB17BBF4F}.Release-SSE2|Win32.Build.0 = Release|Win32
		{9522F2E6-FFEB-4620-9EE2-79353A55671B}.Debug|Win32.ActiveCfg = Debug|Win32
		{9522F2E6-FFEB-4620-9EE2-79353A55671B}.Debug|Win32.Build.0 = Debug|Win32
		{9522F2E6-FFEB-4620-9EE2-79353A55671B}.FastDebug|Win32.ActiveCfg = Debug|Win32
		{9522F2E6-FFEB-4620-9EE2-79353A55671B}.FastDebug|Win32.Build.0 = Debug|Win32
		{9522F2E6-FFEB-4620-9EE2-79353A55671B}.Release|Win32.ActiveCfg = Release|Win32
		{9522F2E6-FFEB-4620-9EE2-79353A55671B}.Release|Win32.Build.0 = Release|Win32
		{9522F2E6-FFEB-4620-9EE2-79353A55671B}.Release-SSE2|Win32.ActiveCfg = Release|Win32
		{9522F2E6-FFEB-4620-9EE2-79353A55671B}.Release-SSE2|Win32.Build.0 = Release|Win32
		{0555A743-D202-409C-A331-349FEE971025}.Debug|Win32.ActiveCfg = Debug|Win32
		{0555A743-D202-409C-A331-349FEE971025}.Debug|Win32.Build.0 = Debug|Win32
		{0555A743-D202-409C-A331-349FEE971025}.FastDebug|Win32.ActiveCfg = Debug|Win32
		{0555A743-D202-409C-A331-349FEE971025}.FastDebug|Win32.Build.0 = Debug|Win32
		{0555A743-D202-409C-A331-349FEE971025}.Release|Win32.ActiveCfg = Release|Win32
		{0555A743-D202-409C-A331-349FEE971025}.Release|Win32.Build.0 = Release|Win32
		{0555A743-D202-409C-A331-349FEE971025}.Release-SSE2|Win32.ActiveCfg = Release|Win32
		{0555A743-D202-409C-A331-349FEE971025}.Release-SSE2|Win32.Build.0 = Release|Win32
		{0DCAA088-FC09-4422-892B-8E89F1F798CB}.Debug|Win32.ActiveCfg = Debug|Win32
		{0DCAA088-FC09-4422-892B-8E89F1F798CB}.Debug|Win32.Build.0 = Debug|Win32
		{0DCAA088-FC09-4422-892B-8E89F1F798CB}.FastDebug|Win32.ActiveCfg = Debug|Win32
		{0DCAA088-FC09-4422-892B-8E89F1F798CB}.FastDebug|Win32.Build.0 = Debug|Win32
		{0DCAA088-FC09-4422-892B-8E89F1F798CB}.Release|Win32.ActiveCfg = Release|Win32
		{0DCAA088-FC09-4422-892B-8E89F1F798CB}.Release|Win32.Build.0 = Release|Win32
		{0DCAA088-FC09-4422-892B-8E89F1F798CB}.Release-SSE2|Win32.ActiveCfg = Release|Win32
		{0DCAA088-FC09-4422-892B-8E89F1F798CB}.Release-SSE2|Win32.Build.0 = Release|Win32
	EndGlobalSection
	GlobalSection(SolutionProperties) = preSolution
		HideSolutionNode = FALSE
	EndGlobalSection
EndGlobal
