Microsoft Visual Studio Solution File, Format Version 7.00
Project("{8BC9CEB8-8B4A-11D0-8D11-00A0C91BC942}") = "LibLua", "src\LibLua.vcproj", "{A893088C-3E2D-43A7-B106-BBBC9DF6D0EF}"
EndProject
Project("{8BC9CEB8-8B4A-11D0-8D11-00A0C91BC942}") = "LibLuaLib", "src\lib\LibLuaLib.vcproj", "{DD432F26-496E-451C-93E2-2CE19A748AF8}"
EndProject
Global
	GlobalSection(SolutionConfiguration) = preSolution
		ConfigName.0 = Debug
		ConfigName.1 = Release
	EndGlobalSection
	GlobalSection(ProjectDependencies) = postSolution
	EndGlobalSection
	GlobalSection(ProjectConfiguration) = postSolution
		{A893088C-3E2D-43A7-B106-BBBC9DF6D0EF}.Debug.ActiveCfg = Release|Xbox
		{A893088C-3E2D-43A7-B106-BBBC9DF6D0EF}.Debug.Build.0 = Release|Xbox
		{A893088C-3E2D-43A7-B106-BBBC9DF6D0EF}.Release.ActiveCfg = Release|Xbox
		{A893088C-3E2D-43A7-B106-BBBC9DF6D0EF}.Release.Build.0 = Release|Xbox
		{DD432F26-496E-451C-93E2-2CE19A748AF8}.Debug.ActiveCfg = Release|Xbox
		{DD432F26-496E-451C-93E2-2CE19A748AF8}.Debug.Build.0 = Release|Xbox
		{DD432F26-496E-451C-93E2-2CE19A748AF8}.Release.ActiveCfg = Release|Xbox
		{DD432F26-496E-451C-93E2-2CE19A748AF8}.Release.Build.0 = Release|Xbox
	EndGlobalSection
	GlobalSection(ExtensibilityGlobals) = postSolution
	EndGlobalSection
	GlobalSection(ExtensibilityAddIns) = postSolution
	EndGlobalSection
EndGlobal
